github.com/wowchemy/wowchemy-hugo-modules/wowchemy v0.0.0-20210416205738-171648c80874 h1:4WTbhDz9mZJwib9xczuV+JwhI1t4U/joqp5AgabZIAI=
github.com/wowchemy/wowchemy-hugo-modules/wowchemy v0.0.0-20210416205738-171648c80874/go.mod h1:H22qfH9qj3FWwsk7+bAZpmT24yRGNQURah2/IRwjbn8=
github.com/wowchemy/wowchemy-hugo-modules/wowchemy-cms v0.0.0-20210416205738-171648c80874 h1:AthQYiC39YPnKx6J1cRlZ/nJfpqholO4ZXEFCpiMvsY=
github.com/wowchemy/wowchemy-hugo-modules/wowchemy-cms v0.0.0-20210416205738-171648c80874/go.mod h1:AKpYbqUVlj0VYsc7Jsxe1o8Ko2yV31A5ZPdfpACcXJw=
